// !$*UTF8*$!
{
	archiveVersion = 1;
	classes = {
	};
	objectVersion = 55;
	objects = {

/* Begin PBXBuildFile section */
		2BCBFEA6282CC38D006C676B /* Weather_AppApp.swift in Sources */ = {isa = PBXBuildFile; fileRef = 2BCBFEA5282CC38D006C676B /* Weather_AppApp.swift */; };
		2BCBFEA8282CC38D006C676B /* ContentView.swift in Sources */ = {isa = PBXBuildFile; fileRef = 2BCBFEA7282CC38D006C676B /* ContentView.swift */; };
		2BCBFEAA282CC396006C676B /* Assets.xcassets in Resources */ = {isa = PBXBuildFile; fileRef = 2BCBFEA9282CC396006C676B /* Assets.xcassets */; };
		2BCBFEAD282CC396006C676B /* Preview Assets.xcassets in Resources */ = {isa = PBXBuildFile; fileRef = 2BCBFEAC282CC396006C676B /* Preview Assets.xcassets */; };
		2BCBFEB7282CC5A5006C676B /* FetchWeatherData.swift in Sources */ = {isa = PBXBuildFile; fileRef = 2BCBFEB6282CC5A5006C676B /* FetchWeatherData.swift */; };
		2BCBFEB9282CC93E006C676B /* WeatherDataModel.swift in Sources */ = {isa = PBXBuildFile; fileRef = 2BCBFEB8282CC93E006C676B /* WeatherDataModel.swift */; };
		2BCBFEC1282CFD13006C676B /* ForecastViewModel.swift in Sources */ = {isa = PBXBuildFile; fileRef = 2BCBFEC0282CFD13006C676B /* ForecastViewModel.swift */; };
		2BCBFEC3282D14B7006C676B /* ForecastListViewModel.swift in Sources */ = {isa = PBXBuildFile; fileRef = 2BCBFEC2282D14B7006C676B /* ForecastListViewModel.swift */; };
		2BD597DB282E27E9000930AF /* SDWebImageSwiftUI in Frameworks */ = {isa = PBXBuildFile; productRef = 2BD597DA282E27E9000930AF /* SDWebImageSwiftUI */; };
		2BD597DD282E3C44000930AF /* UIApplicationExtension.swift in Sources */ = {isa = PBXBuildFile; fileRef = 2BD597DC282E3C44000930AF /* UIApplicationExtension.swift */; };
/* End PBXBuildFile section */

/* Begin PBXFileReference section */
		2BCBFEA2282CC38D006C676B /* Weather App.app */ = {isa = PBXFileReference; explicitFileType = wrapper.application; includeInIndex = 0; path = "Weather App.app"; sourceTree = BUILT_PRODUCTS_DIR; };
		2BCBFEA5282CC38D006C676B /* Weather_AppApp.swift */ = {isa = PBXFileReference; lastKnownFileType = sourcecode.swift; path = Weather_AppApp.swift; sourceTree = "<group>"; };
		2BCBFEA7282CC38D006C676B /* ContentView.swift */ = {isa = PBXFileReference; lastKnownFileType = sourcecode.swift; path = ContentView.swift; sourceTree = "<group>"; };
		2BCBFEA9282CC396006C676B /* Assets.xcassets */ = {isa = PBXFileReference; lastKnownFileType = folder.assetcatalog; path = Assets.xcassets; sourceTree = "<group>"; };
		2BCBFEAC282CC396006C676B /* Preview Assets.xcassets */ = {isa = PBXFileReference; lastKnownFileType = folder.assetcatalog; path = "Preview Assets.xcassets"; sourceTree = "<group>"; };
		2BCBFEB6282CC5A5006C676B /* FetchWeatherData.swift */ = {isa = PBXFileReference; lastKnownFileType = sourcecode.swift; path = FetchWeatherData.swift; sourceTree = "<group>"; };
		2BCBFEB8282CC93E006C676B /* WeatherDataModel.swift */ = {isa = PBXFileReference; lastKnownFileType = sourcecode.swift; path = WeatherDataModel.swift; sourceTree = "<group>"; };
		2BCBFEC0282CFD13006C676B /* ForecastViewModel.swift */ = {isa = PBXFileReference; lastKnownFileType = sourcecode.swift; path = ForecastViewModel.swift; sourceTree = "<group>"; };
		2BCBFEC2282D14B7006C676B /* ForecastListViewModel.swift */ = {isa = PBXFileReference; lastKnownFileType = sourcecode.swift; path = ForecastListViewModel.swift; sourceTree = "<group>"; };
		2BD597DC282E3C44000930AF /* UIApplicationExtension.swift */ = {isa = PBXFileReference; lastKnownFileType = sourcecode.swift; path = UIApplicationExtension.swift; sourceTree = "<group>"; };
		306C800428B6F5F1001854CD /* SDWebImageSwiftUI */ = {isa = PBXFileReference; lastKnownFileType = wrapper; name = SDWebImageSwiftUI; path = "Weather App/SDWebImageSwiftUI"; sourceTree = "<group>"; };
		306C800528B6F610001854CD /* SDWebImage */ = {isa = PBXFileReference; lastKnownFileType = wrapper; name = SDWebImage; path = "Weather App/SDWebImage"; sourceTree = "<group>"; };
/* End PBXFileReference section */

/* Begin PBXFrameworksBuildPhase section */
		2BCBFE9F282CC38D006C676B /* Frameworks */ = {
			isa = PBXFrameworksBuildPhase;
			buildActionMask = 2147483647;
			files = (
				2BD597DB282E27E9000930AF /* SDWebImageSwiftUI in Frameworks */,
			);
			runOnlyForDeploymentPostprocessing = 0;
		};
/* End PBXFrameworksBuildPhase section */

/* Begin PBXGroup section */
		2BCBFE99282CC38D006C676B = {
			isa = PBXGroup;
			children = (
				306C800328B6F5F1001854CD /* Packages */,
				2BCBFEA4282CC38D006C676B /* Weather App */,
				2BCBFEA3282CC38D006C676B /* Products */,
			);
			sourceTree = "<group>";
		};
		2BCBFEA3282CC38D006C676B /* Products */ = {
			isa = PBXGroup;
			children = (
				2BCBFEA2282CC38D006C676B /* Weather App.app */,
			);
			name = Products;
			sourceTree = "<group>";
		};
		2BCBFEA4282CC38D006C676B /* Weather App */ = {
			isa = PBXGroup;
			children = (
				2BCBFEB5282CC577006C676B /* Model */,
				2BCBFEB4282CC56D006C676B /* View */,
				2BCBFEB3282CC564006C676B /* ViewModel */,
				2BCBFEA5282CC38D006C676B /* Weather_AppApp.swift */,
				2BCBFEA9282CC396006C676B /* Assets.xcassets */,
				2BCBFEAB282CC396006C676B /* Preview Content */,
			);
			path = "Weather App";
			sourceTree = "<group>";
		};
		2BCBFEAB282CC396006C676B /* Preview Content */ = {
			isa = PBXGroup;
			children = (
				2BCBFEAC282CC396006C676B /* Preview Assets.xcassets */,
			);
			path = "Preview Content";
			sourceTree = "<group>";
		};
		2BCBFEB3282CC564006C676B /* ViewModel */ = {
			isa = PBXGroup;
			children = (
				2BCBFEB6282CC5A5006C676B /* FetchWeatherData.swift */,
				2BCBFEC0282CFD13006C676B /* ForecastViewModel.swift */,
				2BCBFEC2282D14B7006C676B /* ForecastListViewModel.swift */,
				2BD597DC282E3C44000930AF /* UIApplicationExtension.swift */,
			);
			path = ViewModel;
			sourceTree = "<group>";
		};
		2BCBFEB4282CC56D006C676B /* View */ = {
			isa = PBXGroup;
			children = (
				2BCBFEA7282CC38D006C676B /* ContentView.swift */,
			);
			path = View;
			sourceTree = "<group>";
		};
		2BCBFEB5282CC577006C676B /* Model */ = {
			isa = PBXGroup;
			children = (
				2BCBFEB8282CC93E006C676B /* WeatherDataModel.swift */,
			);
			path = Model;
			sourceTree = "<group>";
		};
		306C800328B6F5F1001854CD /* Packages */ = {
			isa = PBXGroup;
			children = (
				306C800428B6F5F1001854CD /* SDWebImageSwiftUI */,
				306C800528B6F610001854CD /* SDWebImage */,
			);
			name = Packages;
			sourceTree = "<group>";
		};
/* End PBXGroup section */

/* Begin PBXNativeTarget section */
		2BCBFEA1282CC38D006C676B /* Weather App */ = {
			isa = PBXNativeTarget;
			buildConfigurationList = 2BCBFEB0282CC397006C676B /* Build configuration list for PBXNativeTarget "Weather App" */;
			buildPhases = (
				2BCBFE9E282CC38D006C676B /* Sources */,
				2BCBFE9F282CC38D006C676B /* Frameworks */,
				2BCBFEA0282CC38D006C676B /* Resources */,
			);
			buildRules = (
			);
			dependencies = (
			);
			name = "Weather App";
			packageProductDependencies = (
				2BD597DA282E27E9000930AF /* SDWebImageSwiftUI */,
			);
			productName = "Weather App";
			productReference = 2BCBFEA2282CC38D006C676B /* Weather App.app */;
			productType = "com.apple.product-type.application";
		};
/* End PBXNativeTarget section */

/* Begin PBXProject section */
		2BCBFE9A282CC38D006C676B /* Project object */ = {
			isa = PBXProject;
			attributes = {
				BuildIndependentTargetsInParallel = 1;
				LastSwiftUpdateCheck = 1330;
				LastUpgradeCheck = 1330;
				TargetAttributes = {
					2BCBFEA1282CC38D006C676B = {
						CreatedOnToolsVersion = 13.3;
					};
				};
			};
			buildConfigurationList = 2BCBFE9D282CC38D006C676B /* Build configuration list for PBXProject "Weather App" */;
			compatibilityVersion = "Xcode 13.0";
			developmentRegion = en;
			hasScannedForEncodings = 0;
			knownRegions = (
				en,
				Base,
			);
			mainGroup = 2BCBFE99282CC38D006C676B;
			packageReferences = (
				2BD597D9282E27E9000930AF /* XCRemoteSwiftPackageReference "SDWebImageSwiftUI" */,
			);
			productRefGroup = 2BCBFEA3282CC38D006C676B /* Products */;
			projectDirPath = "";
			projectRoot = "";
			targets = (
				2BCBFEA1282CC38D006C676B /* Weather App */,
			);
		};
/* End PBXProject section */

/* Begin PBXResourcesBuildPhase section */
		2BCBFEA0282CC38D006C676B /* Resources */ = {
			isa = PBXResourcesBuildPhase;
			buildActionMask = 2147483647;
			files = (
				2BCBFEAD282CC396006C676B /* Preview Assets.xcassets in Resources */,
				2BCBFEAA282CC396006C676B /* Assets.xcassets in Resources */,
			);
			runOnlyForDeploymentPostprocessing = 0;
		};
/* End PBXResourcesBuildPhase section */

/* Begin PBXSourcesBuildPhase section */
		2BCBFE9E282CC38D006C676B /* Sources */ = {
			isa = PBXSourcesBuildPhase;
			buildActionMask = 2147483647;
			files = (
				2BCBFEB9282CC93E006C676B /* WeatherDataModel.swift in Sources */,
				2BCBFEA8282CC38D006C676B /* ContentView.swift in Sources */,
				2BCBFEC1282CFD13006C676B /* ForecastViewModel.swift in Sources */,
				2BCBFEA6282CC38D006C676B /* Weather_AppApp.swift in Sources */,
				2BCBFEC3282D14B7006C676B /* ForecastListViewModel.swift in Sources */,
				2BD597DD282E3C44000930AF /* UIApplicationExtension.swift in Sources */,
				2BCBFEB7282CC5A5006C676B /* FetchWeatherData.swift in Sources */,
			);
			runOnlyForDeploymentPostprocessing = 0;
		};
/* End PBXSourcesBuildPhase section */

/* Begin XCBuildConfiguration section */
		2BCBFEAE282CC396006C676B /* Debug */ = {
			isa = XCBuildConfiguration;
			buildSettings = {
				ALWAYS_SEARCH_USER_PATHS = NO;
				CLANG_ANALYZER_NONNULL = YES;
				CLANG_ANALYZER_NUMBER_OBJECT_CONVERSION = YES_AGGRESSIVE;
				CLANG_CXX_LANGUAGE_STANDARD = "gnu++17";
				CLANG_ENABLE_MODULES = YES;
				CLANG_ENABLE_OBJC_ARC = YES;
				CLANG_ENABLE_OBJC_WEAK = YES;
				CLANG_WARN_BLOCK_CAPTURE_AUTORELEASING = YES;
				CLANG_WARN_BOOL_CONVERSION = YES;
				CLANG_WARN_COMMA = YES;
				CLANG_WARN_CONSTANT_CONVERSION = YES;
				CLANG_WARN_DEPRECATED_OBJC_IMPLEMENTATIONS = YES;
				CLANG_WARN_DIRECT_OBJC_ISA_USAGE = YES_ERROR;
				CLANG_WARN_DOCUMENTATION_COMMENTS = YES;
				CLANG_WARN_EMPTY_BODY = YES;
				CLANG_WARN_ENUM_CONVERSION = YES;
				CLANG_WARN_INFINITE_RECURSION = YES;
				CLANG_WARN_INT_CONVERSION = YES;
				CLANG_WARN_NON_LITERAL_NULL_CONVERSION = YES;
				CLANG_WARN_OBJC_IMPLICIT_RETAIN_SELF = YES;
				CLANG_WARN_OBJC_LITERAL_CONVERSION = YES;
				CLANG_WARN_OBJC_ROOT_CLASS = YES_ERROR;
				CLANG_WARN_QUOTED_INCLUDE_IN_FRAMEWORK_HEADER = YES;
				CLANG_WARN_RANGE_LOOP_ANALYSIS = YES;
				CLANG_WARN_STRICT_PROTOTYPES = YES;
				CLANG_WARN_SUSPICIOUS_MOVE = YES;
				CLANG_WARN_UNGUARDED_AVAILABILITY = YES_AGGRESSIVE;
				CLANG_WARN_UNREACHABLE_CODE = YES;
				CLANG_WARN__DUPLICATE_METHOD_MATCH = YES;
				COPY_PHASE_STRIP = NO;
				DEBUG_INFORMATION_FORMAT = dwarf;
				ENABLE_STRICT_OBJC_MSGSEND = YES;
				ENABLE_TESTABILITY = YES;
				GCC_C_LANGUAGE_STANDARD = gnu11;
				GCC_DYNAMIC_NO_PIC = NO;
				GCC_NO_COMMON_BLOCKS = YES;
				GCC_OPTIMIZATION_LEVEL = 0;
				GCC_PREPROCESSOR_DEFINITIONS = (
					"DEBUG=1",
					"$(inherited)",
				);
				GCC_WARN_64_TO_32_BIT_CONVERSION = YES;
				GCC_WARN_ABOUT_RETURN_TYPE = YES_ERROR;
				GCC_WARN_UNDECLARED_SELECTOR = YES;
				GCC_WARN_UNINITIALIZED_AUTOS = YES_AGGRESSIVE;
				GCC_WARN_UNUSED_FUNCTION = YES;
				GCC_WARN_UNUSED_VARIABLE = YES;
				IPHONEOS_DEPLOYMENT_TARGET = 15.4;
				MTL_ENABLE_DEBUG_INFO = INCLUDE_SOURCE;
				MTL_FAST_MATH = YES;
				ONLY_ACTIVE_ARCH = YES;
				SDKROOT = iphoneos;
				SWIFT_ACTIVE_COMPILATION_CONDITIONS = DEBUG;
				SWIFT_OPTIMIZATION_LEVEL = "-Onone";
			};
			name = Debug;
		};
		2BCBFEAF282CC396006C676B /* Release */ = {
			isa = XCBuildConfiguration;
			buildSettings = {
				ALWAYS_SEARCH_USER_PATHS = NO;
				CLANG_ANALYZER_NONNULL = YES;
				CLANG_ANALYZER_NUMBER_OBJECT_CONVERSION = YES_AGGRESSIVE;
				CLANG_CXX_LANGUAGE_STANDARD = "gnu++17";
				CLANG_ENABLE_MODULES = YES;
				CLANG_ENABLE_OBJC_ARC = YES;
				CLANG_ENABLE_OBJC_WEAK = YES;
				CLANG_WARN_BLOCK_CAPTURE_AUTORELEASING = YES;
				CLANG_WARN_BOOL_CONVERSION = YES;
				CLANG_WARN_COMMA = YES;
				CLANG_WARN_CONSTANT_CONVERSION = YES;
				CLANG_WARN_DEPRECATED_OBJC_IMPLEMENTATIONS = YES;
				CLANG_WARN_DIRECT_OBJC_ISA_USAGE = YES_ERROR;
				CLANG_WARN_DOCUMENTATION_COMMENTS = YES;
				CLANG_WARN_EMPTY_BODY = YES;
				CLANG_WARN_ENUM_CONVERSION = YES;
				CLANG_WARN_INFINITE_RECURSION = YES;
				CLANG_WARN_INT_CONVERSION = YES;
				CLANG_WARN_NON_LITERAL_NULL_CONVERSION = YES;
				CLANG_WARN_OBJC_IMPLICIT_RETAIN_SELF = YES;
				CLANG_WARN_OBJC_LITERAL_CONVERSION = YES;
				CLANG_WARN_OBJC_ROOT_CLASS = YES_ERROR;
				CLANG_WARN_QUOTED_INCLUDE_IN_FRAMEWORK_HEADER = YES;
				CLANG_WARN_RANGE_LOOP_ANALYSIS = YES;
				CLANG_WARN_STRICT_PROTOTYPES = YES;
				CLANG_WARN_SUSPICIOUS_MOVE = YES;
				CLANG_WARN_UNGUARDED_AVAILABILITY = YES_AGGRESSIVE;
				CLANG_WARN_UNREACHABLE_CODE = YES;
				CLANG_WARN__DUPLICATE_METHOD_MATCH = YES;
				COPY_PHASE_STRIP = NO;
				DEBUG_INFORMATION_FORMAT = "dwarf-with-dsym";
				ENABLE_NS_ASSERTIONS = NO;
				ENABLE_STRICT_OBJC_MSGSEND = YES;
				GCC_C_LANGUAGE_STANDARD = gnu11;
				GCC_NO_COMMON_BLOCKS = YES;
				GCC_WARN_64_TO_32_BIT_CONVERSION = YES;
				GCC_WARN_ABOUT_RETURN_TYPE = YES_ERROR;
				GCC_WARN_UNDECLARED_SELECTOR = YES;
				GCC_WARN_UNINITIALIZED_AUTOS = YES_AGGRESSIVE;
				GCC_WARN_UNUSED_FUNCTION = YES;
				GCC_WARN_UNUSED_VARIABLE = YES;
				IPHONEOS_DEPLOYMENT_TARGET = 15.4;
				MTL_ENABLE_DEBUG_INFO = NO;
				MTL_FAST_MATH = YES;
				SDKROOT = iphoneos;
				SWIFT_COMPILATION_MODE = wholemodule;
				SWIFT_OPTIMIZATION_LEVEL = "-O";
				VALIDATE_PRODUCT = YES;
			};
			name = Release;
		};
		2BCBFEB1282CC397006C676B /* Debug */ = {
			isa = XCBuildConfiguration;
			buildSettings = {
				ASSETCATALOG_COMPILER_APPICON_NAME = AppIcon;
				ASSETCATALOG_COMPILER_GLOBAL_ACCENT_COLOR_NAME = AccentColor;
				CODE_SIGN_STYLE = Automatic;
				CURRENT_PROJECT_VERSION = 1;
				DEVELOPMENT_ASSET_PATHS = "\"Weather App/Preview Content\"";
				DEVELOPMENT_TEAM = D8U54MWCN4;
				ENABLE_PREVIEWS = YES;
				GENERATE_INFOPLIST_FILE = YES;
				INFOPLIST_KEY_UIApplicationSceneManifest_Generation = YES;
				INFOPLIST_KEY_UIApplicationSupportsIndirectInputEvents = YES;
				INFOPLIST_KEY_UILaunchScreen_Generation = YES;
				INFOPLIST_KEY_UISupportedInterfaceOrientations_iPad = "UIInterfaceOrientationPortrait UIInterfaceOrientationPortraitUpsideDown UIInterfaceOrientationLandscapeLeft UIInterfaceOrientationLandscapeRight";
				INFOPLIST_KEY_UISupportedInterfaceOrientations_iPhone = "UIInterfaceOrientationPortrait UIInterfaceOrientationLandscapeLeft UIInterfaceOrientationLandscapeRight";
				LD_RUNPATH_SEARCH_PATHS = (
					"$(inherited)",
					"@executable_path/Frameworks",
				);
				MARKETING_VERSION = 1.0;
				PRODUCT_BUNDLE_IDENTIFIER = "com.mahedeenosis.Weather-App";
				PRODUCT_NAME = "$(TARGET_NAME)";
				SWIFT_EMIT_LOC_STRINGS = YES;
				SWIFT_VERSION = 5.0;
				TARGETED_DEVICE_FAMILY = "1,2";
			};
			name = Debug;
		};
		2BCBFEB2282CC397006C676B /* Release */ = {
			isa = XCBuildConfiguration;
			buildSettings = {
				ASSETCATALOG_COMPILER_APPICON_NAME = AppIcon;
				ASSETCATALOG_COMPILER_GLOBAL_ACCENT_COLOR_NAME = AccentColor;
				CODE_SIGN_STYLE = Automatic;
				CURRENT_PROJECT_VERSION = 1;
				DEVELOPMENT_ASSET_PATHS = "\"Weather App/Preview Content\"";
				DEVELOPMENT_TEAM = D8U54MWCN4;
				ENABLE_PREVIEWS = YES;
				GENERATE_INFOPLIST_FILE = YES;
				INFOPLIST_KEY_UIApplicationSceneManifest_Generation = YES;
				INFOPLIST_KEY_UIApplicationSupportsIndirectInputEvents = YES;
				INFOPLIST_KEY_UILaunchScreen_Generation = YES;
				INFOPLIST_KEY_UISupportedInterfaceOrientations_iPad = "UIInterfaceOrientationPortrait UIInterfaceOrientationPortraitUpsideDown UIInterfaceOrientationLandscapeLeft UIInterfaceOrientationLandscapeRight";
				INFOPLIST_KEY_UISupportedInterfaceOrientations_iPhone = "UIInterfaceOrientationPortrait UIInterfaceOrientationLandscapeLeft UIInterfaceOrientationLandscapeRight";
				LD_RUNPATH_SEARCH_PATHS = (
					"$(inherited)",
					"@executable_path/Frameworks",
				);
				MARKETING_VERSION = 1.0;
				PRODUCT_BUNDLE_IDENTIFIER = "com.mahedeenosis.Weather-App";
				PRODUCT_NAME = "$(TARGET_NAME)";
				SWIFT_EMIT_LOC_STRINGS = YES;
				SWIFT_VERSION = 5.0;
				TARGETED_DEVICE_FAMILY = "1,2";
			};
			name = Release;
		};
/* End XCBuildConfiguration section */

/* Begin XCConfigurationList section */
		2BCBFE9D282CC38D006C676B /* Build configuration list for PBXProject "Weather App" */ = {
			isa = XCConfigurationList;
			buildConfigurations = (
				2BCBFEAE282CC396006C676B /* Debug */,
				2BCBFEAF282CC396006C676B /* Release */,
			);
			defaultConfigurationIsVisible = 0;
			defaultConfigurationName = Release;
		};
		2BCBFEB0282CC397006C676B /* Build configuration list for PBXNativeTarget "Weather App" */ = {
			isa = XCConfigurationList;
			buildConfigurations = (
				2BCBFEB1282CC397006C676B /* Debug */,
				2BCBFEB2282CC397006C676B /* Release */,
			);
			defaultConfigurationIsVisible = 0;
			defaultConfigurationName = Release;
		};
/* End XCConfigurationList section */

/* Begin XCRemoteSwiftPackageReference section */
		2BD597D9282E27E9000930AF /* XCRemoteSwiftPackageReference "SDWebImageSwiftUI" */ = {
			isa = XCRemoteSwiftPackageReference;
			repositoryURL = "https://github.com/SDWebImage/SDWebImageSwiftUI";
			requirement = {
				kind = upToNextMajorVersion;
				minimumVersion = 2.0.0;
			};
		};
/* End XCRemoteSwiftPackageReference section */

/* Begin XCSwiftPackageProductDependency section */
		2BD597DA282E27E9000930AF /* SDWebImageSwiftUI */ = {
			isa = XCSwiftPackageProductDependency;
			package = 2BD597D9282E27E9000930AF /* XCRemoteSwiftPackageReference "SDWebImageSwiftUI" */;
			productName = SDWebImageSwiftUI;
		};
/* End XCSwiftPackageProductDependency section */
	};
	rootObject = 2BCBFE9A282CC38D006C676B /* Project object */;
}
